
Microsoft Visual Studio Solution File, Format Version 12.00
# Visual Studio 15
VisualStudioVersion = 15.0.27428.2002
MinimumVisualStudioVersion = 10.0.40219.1
Project("{FAE04EC0-301F-11D3-BF4B-00C04F79EFBC}") = "WebShop.Common", "WebShop.Common\WebShop.Common.csproj", "{D2A9FE3A-9052-4517-9BDD-8B6130A3A5A0}"
EndProject
Project("{FAE04EC0-301F-11D3-BF4B-00C04F79EFBC}") = "WebShop.Model", "WebShop.Model\WebShop.Model.csproj", "{DA02730D-EA05-44E8-BA4C-996E7D9B8BC3}"
EndProject
Project("{FAE04EC0-301F-11D3-BF4B-00C04F79EFBC}") = "WebShop.Data", "WebShop.Data\WebShop.Data.csproj", "{8DC94B1A-5B6A-4664-9C99-D0F8B2B30364}"
EndProject
Project("{FAE04EC0-301F-11D3-BF4B-00C04F79EFBC}") = "WebShop.Service", "WebShop.Service\WebShop.Service.csproj", "{04F73A1C-1B3B-4382-8246-8C4E4656F858}"
EndProject
Project("{FAE04EC0-301F-11D3-BF4B-00C04F79EFBC}") = "WebShop.Web", "WebShop.Web\WebShop.Web.csproj", "{B5FEBB7F-0B26-4E78-96F9-AF9E8AA5C35B}"
EndProject
Project("{FAE04EC0-301F-11D3-BF4B-00C04F79EFBC}") = "WebShop.UnitTest", "WebShop.UnitTest\WebShop.UnitTest.csproj", "{04D0BCD2-C205-4A16-A006-26EE7427D189}"
EndProject
Global
	GlobalSection(SolutionConfigurationPlatforms) = preSolution
		Debug|Any CPU = Debug|Any CPU
		Release|Any CPU = Release|Any CPU
	EndGlobalSection
	GlobalSection(ProjectConfigurationPlatforms) = postSolution
		{D2A9FE3A-9052-4517-9BDD-8B6130A3A5A0}.Debug|Any CPU.ActiveCfg = Debug|Any CPU
		{D2A9FE3A-9052-4517-9BDD-8B6130A3A5A0}.Debug|Any CPU.Build.0 = Debug|Any CPU
		{D2A9FE3A-9052-4517-9BDD-8B6130A3A5A0}.Release|Any CPU.ActiveCfg = Release|Any CPU
		{D2A9FE3A-9052-4517-9BDD-8B6130A3A5A0}.Release|Any CPU.Build.0 = Release|Any CPU
		{DA02730D-EA05-44E8-BA4C-996E7D9B8BC3}.Debug|Any CPU.ActiveCfg = Debug|Any CPU
		{DA02730D-EA05-44E8-BA4C-996E7D9B8BC3}.Debug|Any CPU.Build.0 = Debug|Any CPU
		{DA02730D-EA05-44E8-BA4C-996E7D9B8BC3}.Release|Any CPU.ActiveCfg = Release|Any CPU
		{DA02730D-EA05-44E8-BA4C-996E7D9B8BC3}.Release|Any CPU.Build.0 = Release|Any CPU
		{8DC94B1A-5B6A-4664-9C99-D0F8B2B30364}.Debug|Any CPU.ActiveCfg = Debug|Any CPU
		{8DC94B1A-5B6A-4664-9C99-D0F8B2B30364}.Debug|Any CPU.Build.0 = Debug|Any CPU
		{8DC94B1A-5B6A-4664-9C99-D0F8B2B30364}.Release|Any CPU.ActiveCfg = Release|Any CPU
		{8DC94B1A-5B6A-4664-9C99-D0F8B2B30364}.Release|Any CPU.Build.0 = Release|Any CPU
		{04F73A1C-1B3B-4382-8246-8C4E4656F858}.Debug|Any CPU.ActiveCfg = Debug|Any CPU
		{04F73A1C-1B3B-4382-8246-8C4E4656F858}.Debug|Any CPU.Build.0 = Debug|Any CPU
		{04F73A1C-1B3B-4382-8246-8C4E4656F858}.Release|Any CPU.ActiveCfg = Release|Any CPU
		{04F73A1C-1B3B-4382-8246-8C4E4656F858}.Release|Any CPU.Build.0 = Release|Any CPU
		{B5FEBB7F-0B26-4E78-96F9-AF9E8AA5C35B}.Debug|Any CPU.ActiveCfg = Debug|Any CPU
		{B5FEBB7F-0B26-4E78-96F9-AF9E8AA5C35B}.Debug|Any CPU.Build.0 = Debug|Any CPU
		{B5FEBB7F-0B26-4E78-96F9-AF9E8AA5C35B}.Release|Any CPU.ActiveCfg = Release|Any CPU
		{B5FEBB7F-0B26-4E78-96F9-AF9E8AA5C35B}.Release|Any CPU.Build.0 = Release|Any CPU
		{04D0BCD2-C205-4A16-A006-26EE7427D189}.Debug|Any CPU.ActiveCfg = Debug|Any CPU
		{04D0BCD2-C205-4A16-A006-26EE7427D189}.Debug|Any CPU.Build.0 = Debug|Any CPU
		{04D0BCD2-C205-4A16-A006-26EE7427D189}.Release|Any CPU.ActiveCfg = Release|Any CPU
		{04D0BCD2-C205-4A16-A006-26EE7427D189}.Release|Any CPU.Build.0 = Release|Any CPU
	EndGlobalSection
	GlobalSection(SolutionProperties) = preSolution
		HideSolutionNode = FALSE
	EndGlobalSection
	GlobalSection(ExtensibilityGlobals) = postSolution
		SolutionGuid = {DD5B1BD7-939E-4282-852E-4BC32C24F9E0}
	EndGlobalSection
EndGlobal
